<Solution>
  <Folder Name="/src/">
    <Project Path="src/BuildTasks/NetAgents.BuildTasks.csproj" />
    <Project Path="src/BuildTasks/Formatter/NetAgents.Formatter.csproj" />
    <Project Path="src/CodeFixes/NetAgents.CodeFixes.csproj" />
    <Project Path="src/NetAgents.Analyzers.csproj" />
  </Folder>
  <Folder Name="/tests/">
    <Project Path="tests/NetAgents.Analyzers.Tests.csproj" />
  </Folder>
</Solution>
